
Microsoft Visual Studio Solution File, Format Version 12.00
# Visual Studio 15
VisualStudioVersion = 15.0.28307.645
MinimumVisualStudioVersion = 10.0.40219.1
Project("{FAE04EC0-301F-11D3-BF4B-00C04F79EFBC}") = "1C_Enterprise", "1C_Enterprise\1C_Enterprise.csproj", "{22D75E59-AA15-4C9D-836E-98C39AE93E70}"
EndProject
Project("{FAE04EC0-301F-11D3-BF4B-00C04F79EFBC}") = "UnitTes", "UnitTes\UnitTes.csproj", "{F4A557CC-F257-433D-8496-C332C54B4C9C}"
EndProject
Global
	GlobalSection(SolutionConfigurationPlatforms) = preSolution
		Debug|Any CPU = Debug|Any CPU
		Release|Any CPU = Release|Any CPU
	EndGlobalSection
	GlobalSection(ProjectConfigurationPlatforms) = postSolution
		{22D75E59-AA15-4C9D-836E-98C39AE93E70}.Debug|Any CPU.ActiveCfg = Debug|Any CPU
		{22D75E59-AA15-4C9D-836E-98C39AE93E70}.Debug|Any CPU.Build.0 = Debug|Any CPU
		{22D75E59-AA15-4C9D-836E-98C39AE93E70}.Release|Any CPU.ActiveCfg = Release|Any CPU
		{22D75E59-AA15-4C9D-836E-98C39AE93E70}.Release|Any CPU.Build.0 = Release|Any CPU
		{F4A557CC-F257-433D-8496-C332C54B4C9C}.Debug|Any CPU.ActiveCfg = Debug|Any CPU
		{F4A557CC-F257-433D-8496-C332C54B4C9C}.Debug|Any CPU.Build.0 = Debug|Any CPU
		{F4A557CC-F257-433D-8496-C332C54B4C9C}.Release|Any CPU.ActiveCfg = Release|Any CPU
		{F4A557CC-F257-433D-8496-C332C54B4C9C}.Release|Any CPU.Build.0 = Release|Any CPU
	EndGlobalSection
	GlobalSection(SolutionProperties) = preSolution
		HideSolutionNode = FALSE
	EndGlobalSection
	GlobalSection(ExtensibilityGlobals) = postSolution
		SolutionGuid = {9AB79AB3-AABB-4D11-9738-FCC0595DBF69}
	EndGlobalSection
EndGlobal
